# THIS IS AN AUTOGENERATED FILE. DO NOT EDIT THIS FILE DIRECTLY.
# yarn lockfile v1


biguint-format@1.0.2:
  version "1.0.2"
  resolved "https://registry.yarnpkg.com/biguint-format/-/biguint-format-1.0.2.tgz#21e8d6c8259a8c9b39874ba6a060a1a8ec137f30"
  integrity sha512-A9/8NoHnszWRAp4WCrgwe70wMd0FVDB3pXTdKs78z3pgwHRhc/BGU3uO7Wmfp9ueWD5WpmncL1OpypGnvc1R3w==

chance@1.1.7:
  version "1.1.7"
  resolved "https://registry.yarnpkg.com/chance/-/chance-1.1.7.tgz#e99dde5ac16681af787b5ba94c8277c090d6cfe8"
  integrity sha512-bua/2cZEfzS6qPm0vi3JEvGNbriDLcMj9lKxCQOjUcCJRcyjA7umP0zZm6bKWWlBN04vA0L99QGH/CZQawr0eg==

flake-idgen@1.4.0:
  version "1.4.0"
  resolved "https://registry.yarnpkg.com/flake-idgen/-/flake-idgen-1.4.0.tgz#a89db0f987d83e33b88bf9a8ac1a26d0c0b03b63"
  integrity sha512-l+dtBcIAwAPqmtDelZAAw0NzKOBosiu/3hAFH69W3n1rH8wkKN1hUp6SaR1tmH/NmzaCUQs1BFKULKVhqGWdMw==

nanoid@3.1.24:
  version "3.1.24"
  resolved "https://registry.yarnpkg.com/nanoid/-/nanoid-3.1.24.tgz#d7ac20215f595c26d314ee5671169a27b609025f"
  integrity sha512-WNhqqgD4qH7TQdU9ujXfFa/hQI5rOGGnZq+JRmz4JwMZFCgSZVquTq3ORUSv6IC+Y41ACBYV8a8J1kPkqGIiQg==

nanoid@^2.1.0:
  version "2.1.11"
  resolved "https://registry.yarnpkg.com/nanoid/-/nanoid-2.1.11.tgz#ec24b8a758d591561531b4176a01e3ab4f0f0280"
  integrity sha512-s/snB+WGm6uwi0WjsZdaVcuf3KJXlfGl2LcxgwkEwJF0D/BWzVWAZW/XY4bFaiR7s0Jk3FPvlnepg1H1b1UwlA==

prettier@2.3.2:
  version "2.3.2"
  resolved "https://registry.yarnpkg.com/prettier/-/prettier-2.3.2.tgz#ef280a05ec253712e486233db5c6f23441e7342d"
  integrity sha512-lnJzDfJ66zkMy58OL5/NY5zp70S7Nz6KqcKkXYzn2tMVrNxvbqaBpg7H3qHaLxCJ5lNMsGuM8+ohS7cZrthdLQ==

shortid@2.2.16:
  version "2.2.16"
  resolved "https://registry.yarnpkg.com/shortid/-/shortid-2.2.16.tgz#b742b8f0cb96406fd391c76bfc18a67a57fe5608"
  integrity sha512-Ugt+GIZqvGXCIItnsL+lvFJOiN7RYqlGy7QE41O3YC1xbNSeDGIRO7xg2JJXIAj1cAGnOeC1r7/T9pgrtQbv4g==
  dependencies:
    nanoid "^2.1.0"
