# THIS IS AN AUTOGENERATED FILE. DO NOT EDIT THIS FILE DIRECTLY.
# yarn lockfile v1


biguint-format@1.0.2:
  version "1.0.2"
  resolved "https://registry.yarnpkg.com/biguint-format/-/biguint-format-1.0.2.tgz#21e8d6c8259a8c9b39874ba6a060a1a8ec137f30"
  integrity sha512-A9/8NoHnszWRAp4WCrgwe70wMd0FVDB3pXTdKs78z3pgwHRhc/BGU3uO7Wmfp9ueWD5WpmncL1OpypGnvc1R3w==

chance@1.1.8:
  version "1.1.8"
  resolved "https://registry.yarnpkg.com/chance/-/chance-1.1.8.tgz#5d6c2b78c9170bf6eb9df7acdda04363085be909"
  integrity sha512-v7fi5Hj2VbR6dJEGRWLmJBA83LJMS47pkAbmROFxHWd9qmE1esHRZW8Clf1Fhzr3rjxnNZVCjOEv/ivFxeIMtg==

flake-idgen@1.4.0:
  version "1.4.0"
  resolved "https://registry.yarnpkg.com/flake-idgen/-/flake-idgen-1.4.0.tgz#a89db0f987d83e33b88bf9a8ac1a26d0c0b03b63"
  integrity sha512-l+dtBcIAwAPqmtDelZAAw0NzKOBosiu/3hAFH69W3n1rH8wkKN1hUp6SaR1tmH/NmzaCUQs1BFKULKVhqGWdMw==

nanoid@3.1.28:
  version "3.1.28"
  resolved "https://registry.yarnpkg.com/nanoid/-/nanoid-3.1.28.tgz#3c01bac14cb6c5680569014cc65a2f26424c6bd4"
  integrity sha512-gSu9VZ2HtmoKYe/lmyPFES5nknFrHa+/DT9muUFWFMi6Jh9E1I7bkvlQ8xxf1Kos9pi9o8lBnIOkatMhKX/YUw==

nanoid@^2.1.0:
  version "2.1.11"
  resolved "https://registry.yarnpkg.com/nanoid/-/nanoid-2.1.11.tgz#ec24b8a758d591561531b4176a01e3ab4f0f0280"
  integrity sha512-s/snB+WGm6uwi0WjsZdaVcuf3KJXlfGl2LcxgwkEwJF0D/BWzVWAZW/XY4bFaiR7s0Jk3FPvlnepg1H1b1UwlA==

prettier@2.4.1:
  version "2.4.1"
  resolved "https://registry.yarnpkg.com/prettier/-/prettier-2.4.1.tgz#671e11c89c14a4cfc876ce564106c4a6726c9f5c"
  integrity sha512-9fbDAXSBcc6Bs1mZrDYb3XKzDLm4EXXL9sC1LqKP5rZkT6KRr/rf9amVUcODVXgguK/isJz0d0hP72WeaKWsvA==

shortid@2.2.16:
  version "2.2.16"
  resolved "https://registry.yarnpkg.com/shortid/-/shortid-2.2.16.tgz#b742b8f0cb96406fd391c76bfc18a67a57fe5608"
  integrity sha512-Ugt+GIZqvGXCIItnsL+lvFJOiN7RYqlGy7QE41O3YC1xbNSeDGIRO7xg2JJXIAj1cAGnOeC1r7/T9pgrtQbv4g==
  dependencies:
    nanoid "^2.1.0"
